# THIS IS AN AUTOGENERATED FILE. DO NOT EDIT THIS FILE DIRECTLY.
# yarn lockfile v1


"@next/env@13.4.12-canary.0":
  version "13.4.12-canary.0"
  resolved "https://registry.yarnpkg.com/@next/env/-/env-13.4.12-canary.0.tgz#1e3324b948268c80097673727fafe2fc92a78be6"
  integrity sha512-q4QCrXUvrrFuZBJ49hxbylb3qEjSCxRw4kloIRGEimPzt5iW2DSx5u9pzp0s1kxm55NOs0FdPK5xdT8b/XwFHQ==

"@next/swc-darwin-arm64@13.4.12-canary.0":
  version "13.4.12-canary.0"
  resolved "https://registry.yarnpkg.com/@next/swc-darwin-arm64/-/swc-darwin-arm64-13.4.12-canary.0.tgz#86d87036ee25ad06c78c2571f87c60f03fc2c5df"
  integrity sha512-dtoQQTlrs8tmf53IrsdLGNwvBYkF/PMQcLycFtXC1j5kURHzJhvAcw4mD7vH/BDw3xWiwf/LBnZorvi7GhjDRA==

"@next/swc-darwin-x64@13.4.12-canary.0":
  version "13.4.12-canary.0"
  resolved "https://registry.yarnpkg.com/@next/swc-darwin-x64/-/swc-darwin-x64-13.4.12-canary.0.tgz#cbeb97cee20b0d363dbcaf6c37a1b5c74ab9bfd2"
  integrity sha512-jNgpW0KgIi6jTzsEileEhcXdVLXHLnkStZdIZzUGV3XknsawjERV++P1w0dLg8bTLdUWl9ARrdGBkGDF0LnW7Q==

"@next/swc-linux-arm64-gnu@13.4.12-canary.0":
  version "13.4.12-canary.0"
  resolved "https://registry.yarnpkg.com/@next/swc-linux-arm64-gnu/-/swc-linux-arm64-gnu-13.4.12-canary.0.tgz#7fe19c60d9ed4cc9f86f05cf2dbcd04d32ff3373"
  integrity sha512-i4WoNa33usp7j04D/CfzdgSjKV43MnqVErjrlvhUgF6YO7luoQCmWbSGQ96X6LF2Uac8hWs10C+oHAWtMw7s0g==

"@next/swc-linux-arm64-musl@13.4.12-canary.0":
  version "13.4.12-canary.0"
  resolved "https://registry.yarnpkg.com/@next/swc-linux-arm64-musl/-/swc-linux-arm64-musl-13.4.12-canary.0.tgz#61cd5e4d6b22935b36f2537718e0a6517fa101c0"
  integrity sha512-y9LAS7TY26ipuJ1FlydgFR0hRzugk5NRVYJ9azUNwRhvW+nZaQVNDEkdSE6pD4CGAlmxK9ArNtP0C2/LTVNzNQ==

"@next/swc-linux-x64-gnu@13.4.12-canary.0":
  version "13.4.12-canary.0"
  resolved "https://registry.yarnpkg.com/@next/swc-linux-x64-gnu/-/swc-linux-x64-gnu-13.4.12-canary.0.tgz#e0ec668d29254d468ce9c03b7403096e2ac9851f"
  integrity sha512-8XIAJ/nVPjdLbDDZidSdSSiDb91uuTqwjo3rwPmd2etBKjf6IuNbbW7WE6dUvcx01/d2NWjBWRycmo/LvnPBvQ==

"@next/swc-linux-x64-musl@13.4.12-canary.0":
  version "13.4.12-canary.0"
  resolved "https://registry.yarnpkg.com/@next/swc-linux-x64-musl/-/swc-linux-x64-musl-13.4.12-canary.0.tgz#1f652d6caf2de5cb72d53aeacebcb7b4fa7a2f65"
  integrity sha512-s1IC1em0Bgprcb3/Th/52odgB81vJ1S0JG03q8oNjiQdKAvOl94eIVLHLGZaELlEWmYauMKsJ1RUMjCMeVRowg==

"@next/swc-win32-arm64-msvc@13.4.12-canary.0":
  version "13.4.12-canary.0"
  resolved "https://registry.yarnpkg.com/@next/swc-win32-arm64-msvc/-/swc-win32-arm64-msvc-13.4.12-canary.0.tgz#0c8e0424c02f23bbc56fa7bc16f2f22f420a1041"
  integrity sha512-xSE3ghYwMbDSGW/5qow+LNxOty8FLzt1mr2FfxERcdRVsUysAxaTx75nz1ig57e1b8U2jIRTfbBP13A5wQugMQ==

"@next/swc-win32-ia32-msvc@13.4.12-canary.0":
  version "13.4.12-canary.0"
  resolved "https://registry.yarnpkg.com/@next/swc-win32-ia32-msvc/-/swc-win32-ia32-msvc-13.4.12-canary.0.tgz#53ea974de815cce7797b779ec90130b2da98601d"
  integrity sha512-M+k/zAfY9ts5SX8glR94TK0xuHNasu2gKYbWl38zPffueb4F/k6bIczWbyzkLbJsOYrjHd6KxNLaNIRXc6bFnQ==

"@next/swc-win32-x64-msvc@13.4.12-canary.0":
  version "13.4.12-canary.0"
  resolved "https://registry.yarnpkg.com/@next/swc-win32-x64-msvc/-/swc-win32-x64-msvc-13.4.12-canary.0.tgz#d569b411fef3374f0e43acf2dd63e130550841bf"
  integrity sha512-AKYEd2iy6rsycL4jfx/DH+f4ajLmCMYNNrw+4lHU1jSFZr+XSdP0j+aybI2YdtpUzLE0kKed9pg1lRlHlf1vxw==

"@swc/helpers@0.5.1":
  version "0.5.1"
  resolved "https://registry.yarnpkg.com/@swc/helpers/-/helpers-0.5.1.tgz#e9031491aa3f26bfcc974a67f48bd456c8a5357a"
  integrity sha512-sJ902EfIzn1Fa+qYmjdQqh8tPsoxyBz+8yBKC2HKUxyezKJFwPGOn7pv4WY6QuQW//ySQi5lJjA/ZT9sNWWNTg==
  dependencies:
    tslib "^2.4.0"

"@types/node@^18.11.13":
  version "18.17.0"
  resolved "https://registry.yarnpkg.com/@types/node/-/node-18.17.0.tgz#35d44267a33dd46b49ee0f73d31b05fd7407e290"
  integrity sha512-GXZxEtOxYGFchyUzxvKI14iff9KZ2DI+A6a37o6EQevtg6uO9t+aUZKcaC1Te5Ng1OnLM7K9NVVj+FbecD9cJg==

"@types/prop-types@*":
  version "15.7.5"
  resolved "https://registry.yarnpkg.com/@types/prop-types/-/prop-types-15.7.5.tgz#5f19d2b85a98e9558036f6a3cacc8819420f05cf"
  integrity sha512-JCB8C6SnDoQf0cNycqd/35A7MjcnK+ZTqE7judS6o7utxUCg6imJg3QK2qzHKszlTjcj2cn+NwMB2i96ubpj7w==

"@types/react@^18.0.26":
  version "18.2.15"
  resolved "https://registry.yarnpkg.com/@types/react/-/react-18.2.15.tgz#14792b35df676c20ec3cf595b262f8c615a73066"
  integrity sha512-oEjE7TQt1fFTFSbf8kkNuc798ahTUzn3Le67/PWjE8MAfYAD/qB7O8hSTcromLFqHCt9bcdOg5GXMokzTjJ5SA==
  dependencies:
    "@types/prop-types" "*"
    "@types/scheduler" "*"
    csstype "^3.0.2"

"@types/scheduler@*":
  version "0.16.3"
  resolved "https://registry.yarnpkg.com/@types/scheduler/-/scheduler-0.16.3.tgz#cef09e3ec9af1d63d2a6cc5b383a737e24e6dcf5"
  integrity sha512-5cJ8CB4yAx7BH1oMvdU0Jh9lrEXyPkar6F9G/ERswkCuvP4KQZfZkSjcMbAICCpQTN4OuZn8tz0HiKv9TGZgrQ==

busboy@1.6.0:
  version "1.6.0"
  resolved "https://registry.yarnpkg.com/busboy/-/busboy-1.6.0.tgz#966ea36a9502e43cdb9146962523b92f531f6893"
  integrity sha512-8SFQbg/0hQ9xy3UNTB0YEnsNBbWfhf7RtnzpL7TkBiTBRfrQ9Fxcnz7VJsleJpyp6rVLvXiuORqjlHi5q+PYuA==
  dependencies:
    streamsearch "^1.1.0"

caniuse-lite@^1.0.30001406:
  version "1.0.30001517"
  resolved "https://registry.yarnpkg.com/caniuse-lite/-/caniuse-lite-1.0.30001517.tgz#90fabae294215c3495807eb24fc809e11dc2f0a8"
  integrity sha512-Vdhm5S11DaFVLlyiKu4hiUTkpZu+y1KA/rZZqVQfOD5YdDT/eQKlkt7NaE0WGOFgX32diqt9MiP9CAiFeRklaA==

client-only@0.0.1:
  version "0.0.1"
  resolved "https://registry.yarnpkg.com/client-only/-/client-only-0.0.1.tgz#38bba5d403c41ab150bff64a95c85013cf73bca1"
  integrity sha512-IV3Ou0jSMzZrd3pZ48nLkT9DA7Ag1pnPzaiQhpW7c3RbcqqzvzzVu+L8gfqMp/8IM2MQtSiqaCxrrcfu8I8rMA==

csstype@^3.0.2:
  version "3.1.2"
  resolved "https://registry.yarnpkg.com/csstype/-/csstype-3.1.2.tgz#1d4bf9d572f11c14031f0436e1c10bc1f571f50b"
  integrity sha512-I7K1Uu0MBPzaFKg4nI5Q7Vs2t+3gWWW648spaF+Rg7pI9ds18Ugn+lvg4SHczUdKlHI5LWBXyqfS8+DufyBsgQ==

glob-to-regexp@^0.4.1:
  version "0.4.1"
  resolved "https://registry.yarnpkg.com/glob-to-regexp/-/glob-to-regexp-0.4.1.tgz#c75297087c851b9a578bd217dd59a92f59fe546e"
  integrity sha512-lkX1HJXwyMcprw/5YUZc2s7DrpAiHB21/V+E1rHUrVNokkvB6bqMzT0VfV6/86ZNabt1k14YOIaT7nDvOX3Iiw==

graceful-fs@^4.1.2:
  version "4.2.11"
  resolved "https://registry.yarnpkg.com/graceful-fs/-/graceful-fs-4.2.11.tgz#4183e4e8bf08bb6e05bbb2f7d2e0c8f712ca40e3"
  integrity sha512-RbJ5/jmFcNNCcDV5o9eTnBLJ/HszWV0P73bc+Ff4nS/rJj+YaS6IGyiOL0VoBYX+l1Wrl3k63h/KrH+nhJ0XvQ==

"js-tokens@^3.0.0 || ^4.0.0":
  version "4.0.0"
  resolved "https://registry.yarnpkg.com/js-tokens/-/js-tokens-4.0.0.tgz#19203fb59991df98e3a287050d4647cdeaf32499"
  integrity sha512-RdJUflcE3cUzKiMqQgsCu06FPu9UdIJO0beYbPhHN4k6apgJtifcoCtT9bcxOpYBtpD2kCM6Sbzg4CausW/PKQ==

loose-envify@^1.1.0:
  version "1.4.0"
  resolved "https://registry.yarnpkg.com/loose-envify/-/loose-envify-1.4.0.tgz#71ee51fa7be4caec1a63839f7e682d8132d30caf"
  integrity sha512-lyuxPGr/Wfhrlem2CL/UcnUc1zcqKAImBDzukY7Y5F/yQiNdko6+fRLevlw1HgMySw7f611UIY408EtxRSoK3Q==
  dependencies:
    js-tokens "^3.0.0 || ^4.0.0"

nanoid@^3.3.4:
  version "3.3.6"
  resolved "https://registry.yarnpkg.com/nanoid/-/nanoid-3.3.6.tgz#443380c856d6e9f9824267d960b4236ad583ea4c"
  integrity sha512-BGcqMMJuToF7i1rt+2PWSNVnWIkGCU78jBG3RxO/bZlnZPK2Cmi2QaffxGO/2RvWi9sL+FAiRiXMgsyxQ1DIDA==

next@canary:
  version "13.4.12-canary.0"
  resolved "https://registry.yarnpkg.com/next/-/next-13.4.12-canary.0.tgz#710a08d262a68a3d51830ed51677479eb5e467b8"
  integrity sha512-4i5uVvjsWbGX5va0JFlhGFAke0OVOC2rYdQ33vkrMCtH8IyANo+CbwxX7Y0k/9FGtSaM/7xpNXhQsOJH7r69ew==
  dependencies:
    "@next/env" "13.4.12-canary.0"
    "@swc/helpers" "0.5.1"
    busboy "1.6.0"
    caniuse-lite "^1.0.30001406"
    postcss "8.4.14"
    styled-jsx "5.1.1"
    watchpack "2.4.0"
    zod "3.21.4"
  optionalDependencies:
    "@next/swc-darwin-arm64" "13.4.12-canary.0"
    "@next/swc-darwin-x64" "13.4.12-canary.0"
    "@next/swc-linux-arm64-gnu" "13.4.12-canary.0"
    "@next/swc-linux-arm64-musl" "13.4.12-canary.0"
    "@next/swc-linux-x64-gnu" "13.4.12-canary.0"
    "@next/swc-linux-x64-musl" "13.4.12-canary.0"
    "@next/swc-win32-arm64-msvc" "13.4.12-canary.0"
    "@next/swc-win32-ia32-msvc" "13.4.12-canary.0"
    "@next/swc-win32-x64-msvc" "13.4.12-canary.0"

picocolors@^1.0.0:
  version "1.0.0"
  resolved "https://registry.yarnpkg.com/picocolors/-/picocolors-1.0.0.tgz#cb5bdc74ff3f51892236eaf79d68bc44564ab81c"
  integrity sha512-1fygroTLlHu66zi26VoTDv8yRgm0Fccecssto+MhsZ0D/DGW2sm8E8AjW7NU5VVTRt5GxbeZ5qBuJr+HyLYkjQ==

postcss@8.4.14:
  version "8.4.14"
  resolved "https://registry.yarnpkg.com/postcss/-/postcss-8.4.14.tgz#ee9274d5622b4858c1007a74d76e42e56fd21caf"
  integrity sha512-E398TUmfAYFPBSdzgeieK2Y1+1cpdxJx8yXbK/m57nRhKSmk1GB2tO4lbLBtlkfPQTDKfe4Xqv1ASWPpayPEig==
  dependencies:
    nanoid "^3.3.4"
    picocolors "^1.0.0"
    source-map-js "^1.0.2"

react-dom@^18.2.0:
  version "18.2.0"
  resolved "https://registry.yarnpkg.com/react-dom/-/react-dom-18.2.0.tgz#22aaf38708db2674ed9ada224ca4aa708d821e3d"
  integrity sha512-6IMTriUmvsjHUjNtEDudZfuDQUoWXVxKHhlEGSk81n4YFS+r/Kl99wXiwlVXtPBtJenozv2P+hxDsw9eA7Xo6g==
  dependencies:
    loose-envify "^1.1.0"
    scheduler "^0.23.0"

react@^18.2.0:
  version "18.2.0"
  resolved "https://registry.yarnpkg.com/react/-/react-18.2.0.tgz#555bd98592883255fa00de14f1151a917b5d77d5"
  integrity sha512-/3IjMdb2L9QbBdWiW5e3P2/npwMBaU9mHCSCUzNln0ZCYbcfTsGbTJrU/kGemdH2IWmB2ioZ+zkxtmq6g09fGQ==
  dependencies:
    loose-envify "^1.1.0"

scheduler@^0.23.0:
  version "0.23.0"
  resolved "https://registry.yarnpkg.com/scheduler/-/scheduler-0.23.0.tgz#ba8041afc3d30eb206a487b6b384002e4e61fdfe"
  integrity sha512-CtuThmgHNg7zIZWAXi3AsyIzA3n4xx7aNyjwC2VJldO2LMVDhFK+63xGqq6CsJH4rTAt6/M+N4GhZiDYPx9eUw==
  dependencies:
    loose-envify "^1.1.0"

source-map-js@^1.0.2:
  version "1.0.2"
  resolved "https://registry.yarnpkg.com/source-map-js/-/source-map-js-1.0.2.tgz#adbc361d9c62df380125e7f161f71c826f1e490c"
  integrity sha512-R0XvVJ9WusLiqTCEiGCmICCMplcCkIwwR11mOSD9CR5u+IXYdiseeEuXCVAjS54zqwkLcPNnmU4OeJ6tUrWhDw==

streamsearch@^1.1.0:
  version "1.1.0"
  resolved "https://registry.yarnpkg.com/streamsearch/-/streamsearch-1.1.0.tgz#404dd1e2247ca94af554e841a8ef0eaa238da764"
  integrity sha512-Mcc5wHehp9aXz1ax6bZUyY5afg9u2rv5cqQI3mRrYkGC8rW2hM02jWuwjtL++LS5qinSyhj2QfLyNsuc+VsExg==

styled-jsx@5.1.1:
  version "5.1.1"
  resolved "https://registry.yarnpkg.com/styled-jsx/-/styled-jsx-5.1.1.tgz#839a1c3aaacc4e735fed0781b8619ea5d0009d1f"
  integrity sha512-pW7uC1l4mBZ8ugbiZrcIsiIvVx1UmTfw7UkC3Um2tmfUq9Bhk8IiyEIPl6F8agHgjzku6j0xQEZbfA5uSgSaCw==
  dependencies:
    client-only "0.0.1"

tslib@^2.4.0:
  version "2.6.0"
  resolved "https://registry.yarnpkg.com/tslib/-/tslib-2.6.0.tgz#b295854684dbda164e181d259a22cd779dcd7bc3"
  integrity sha512-7At1WUettjcSRHXCyYtTselblcHl9PJFFVKiCAy/bY97+BPZXSQ2wbq0P9s8tK2G7dFQfNnlJnPAiArVBVBsfA==

typescript@^4.9.4:
  version "4.9.5"
  resolved "https://registry.yarnpkg.com/typescript/-/typescript-4.9.5.tgz#095979f9bcc0d09da324d58d03ce8f8374cbe65a"
  integrity sha512-1FXk9E2Hm+QzZQ7z+McJiHL4NW1F2EzMu9Nq9i3zAaGqibafqYwCVU6WyWAuyQRRzOlxou8xZSyXLEN8oKj24g==

watchpack@2.4.0:
  version "2.4.0"
  resolved "https://registry.yarnpkg.com/watchpack/-/watchpack-2.4.0.tgz#fa33032374962c78113f93c7f2fb4c54c9862a5d"
  integrity sha512-Lcvm7MGST/4fup+ifyKi2hjyIAwcdI4HRgtvTpIUxBRhB+RFtUh8XtDOxUfctVCnhVi+QQj49i91OyvzkJl6cg==
  dependencies:
    glob-to-regexp "^0.4.1"
    graceful-fs "^4.1.2"

zod@3.21.4:
  version "3.21.4"
  resolved "https://registry.yarnpkg.com/zod/-/zod-3.21.4.tgz#10882231d992519f0a10b5dd58a38c9dabbb64db"
  integrity sha512-m46AKbrzKVzOzs/DZgVnG5H55N1sv1M8qZU3A8RIKbs3mrACDNeIOeilDymVb2HdmP8uwshOCF4uJ8uM9rCqJw==
